
Microsoft Visual Studio Solution File, Format Version 12.00
# Visual Studio Version 17
VisualStudioVersion = 17.3.32825.248
MinimumVisualStudioVersion = 10.0.40219.1
Project("{FAE04EC0-301F-11D3-BF4B-00C04F79EFBC}") = "Joebidotchi.Android", "Joebidotchi\Joebidotchi.Android\Joebidotchi.Android.csproj", "{D63E8B0C-EDA9-4968-914B-B8DC1DC3486E}"
EndProject
Project("{FAE04EC0-301F-11D3-BF4B-00C04F79EFBC}") = "Joebidotchi.iOS", "Joebidotchi\Joebidotchi.iOS\Joebidotchi.iOS.csproj", "{EBA06EA7-CBBC-4C0A-B9CB-E30B7BA79256}"
EndProject
Project("{FAE04EC0-301F-11D3-BF4B-00C04F79EFBC}") = "Joebidotchi", "Joebidotchi\Joebidotchi\Joebidotchi.csproj", "{93D1AD35-135A-4DDE-927F-025775B12C3B}"
EndProject
Global
	GlobalSection(SolutionConfigurationPlatforms) = preSolution
		Debug|Any CPU = Debug|Any CPU
		Debug|iPhone = Debug|iPhone
		Debug|iPhoneSimulator = Debug|iPhoneSimulator
		Release|Any CPU = Release|Any CPU
		Release|iPhone = Release|iPhone
		Release|iPhoneSimulator = Release|iPhoneSimulator
	EndGlobalSection
	GlobalSection(ProjectConfigurationPlatforms) = postSolution
		{D63E8B0C-EDA9-4968-914B-B8DC1DC3486E}.Debug|Any CPU.ActiveCfg = Debug|Any CPU
		{D63E8B0C-EDA9-4968-914B-B8DC1DC3486E}.Debug|Any CPU.Build.0 = Debug|Any CPU
		{D63E8B0C-EDA9-4968-914B-B8DC1DC3486E}.Debug|Any CPU.Deploy.0 = Debug|Any CPU
		{D63E8B0C-EDA9-4968-914B-B8DC1DC3486E}.Debug|iPhone.ActiveCfg = Debug|Any CPU
		{D63E8B0C-EDA9-4968-914B-B8DC1DC3486E}.Debug|iPhone.Build.0 = Debug|Any CPU
		{D63E8B0C-EDA9-4968-914B-B8DC1DC3486E}.Debug|iPhone.Deploy.0 = Debug|Any CPU
		{D63E8B0C-EDA9-4968-914B-B8DC1DC3486E}.Debug|iPhoneSimulator.ActiveCfg = Debug|Any CPU
		{D63E8B0C-EDA9-4968-914B-B8DC1DC3486E}.Debug|iPhoneSimulator.Build.0 = Debug|Any CPU
		{D63E8B0C-EDA9-4968-914B-B8DC1DC3486E}.Debug|iPhoneSimulator.Deploy.0 = Debug|Any CPU
		{D63E8B0C-EDA9-4968-914B-B8DC1DC3486E}.Release|Any CPU.ActiveCfg = Release|Any CPU
		{D63E8B0C-EDA9-4968-914B-B8DC1DC3486E}.Release|Any CPU.Build.0 = Release|Any CPU
		{D63E8B0C-EDA9-4968-914B-B8DC1DC3486E}.Release|Any CPU.Deploy.0 = Release|Any CPU
		{D63E8B0C-EDA9-4968-914B-B8DC1DC3486E}.Release|iPhone.ActiveCfg = Release|Any CPU
		{D63E8B0C-EDA9-4968-914B-B8DC1DC3486E}.Release|iPhone.Build.0 = Release|Any CPU
		{D63E8B0C-EDA9-4968-914B-B8DC1DC3486E}.Release|iPhone.Deploy.0 = Release|Any CPU
		{D63E8B0C-EDA9-4968-914B-B8DC1DC3486E}.Release|iPhoneSimulator.ActiveCfg = Release|Any CPU
		{D63E8B0C-EDA9-4968-914B-B8DC1DC3486E}.Release|iPhoneSimulator.Build.0 = Release|Any CPU
		{D63E8B0C-EDA9-4968-914B-B8DC1DC3486E}.Release|iPhoneSimulator.Deploy.0 = Release|Any CPU
		{EBA06EA7-CBBC-4C0A-B9CB-E30B7BA79256}.Debug|Any CPU.ActiveCfg = Debug|iPhone
		{EBA06EA7-CBBC-4C0A-B9CB-E30B7BA79256}.Debug|Any CPU.Build.0 = Debug|iPhone
		{EBA06EA7-CBBC-4C0A-B9CB-E30B7BA79256}.Debug|Any CPU.Deploy.0 = Debug|iPhone
		{EBA06EA7-CBBC-4C0A-B9CB-E30B7BA79256}.Debug|iPhone.ActiveCfg = Debug|iPhone
		{EBA06EA7-CBBC-4C0A-B9CB-E30B7BA79256}.Debug|iPhone.Build.0 = Debug|iPhone
		{EBA06EA7-CBBC-4C0A-B9CB-E30B7BA79256}.Debug|iPhone.Deploy.0 = Debug|iPhone
		{EBA06EA7-CBBC-4C0A-B9CB-E30B7BA79256}.Debug|iPhoneSimulator.ActiveCfg = Debug|iPhoneSimulator
		{EBA06EA7-CBBC-4C0A-B9CB-E30B7BA79256}.Debug|iPhoneSimulator.Build.0 = Debug|iPhoneSimulator
		{EBA06EA7-CBBC-4C0A-B9CB-E30B7BA79256}.Debug|iPhoneSimulator.Deploy.0 = Debug|iPhoneSimulator
		{EBA06EA7-CBBC-4C0A-B9CB-E30B7BA79256}.Release|Any CPU.ActiveCfg = Release|iPhoneSimulator
		{EBA06EA7-CBBC-4C0A-B9CB-E30B7BA79256}.Release|Any CPU.Build.0 = Release|iPhoneSimulator
		{EBA06EA7-CBBC-4C0A-B9CB-E30B7BA79256}.Release|Any CPU.Deploy.0 = Release|iPhoneSimulator
		{EBA06EA7-CBBC-4C0A-B9CB-E30B7BA79256}.Release|iPhone.ActiveCfg = Release|iPhone
		{EBA06EA7-CBBC-4C0A-B9CB-E30B7BA79256}.Release|iPhone.Build.0 = Release|iPhone
		{EBA06EA7-CBBC-4C0A-B9CB-E30B7BA79256}.Release|iPhone.Deploy.0 = Release|iPhone
		{EBA06EA7-CBBC-4C0A-B9CB-E30B7BA79256}.Release|iPhoneSimulator.ActiveCfg = Release|iPhoneSimulator
		{EBA06EA7-CBBC-4C0A-B9CB-E30B7BA79256}.Release|iPhoneSimulator.Build.0 = Release|iPhoneSimulator
		{EBA06EA7-CBBC-4C0A-B9CB-E30B7BA79256}.Release|iPhoneSimulator.Deploy.0 = Release|iPhoneSimulator
		{93D1AD35-135A-4DDE-927F-025775B12C3B}.Debug|Any CPU.ActiveCfg = Debug|Any CPU
		{93D1AD35-135A-4DDE-927F-025775B12C3B}.Debug|Any CPU.Build.0 = Debug|Any CPU
		{93D1AD35-135A-4DDE-927F-025775B12C3B}.Debug|Any CPU.Deploy.0 = Debug|Any CPU
		{93D1AD35-135A-4DDE-927F-025775B12C3B}.Debug|iPhone.ActiveCfg = Debug|Any CPU
		{93D1AD35-135A-4DDE-927F-025775B12C3B}.Debug|iPhone.Build.0 = Debug|Any CPU
		{93D1AD35-135A-4DDE-927F-025775B12C3B}.Debug|iPhone.Deploy.0 = Debug|Any CPU
		{93D1AD35-135A-4DDE-927F-025775B12C3B}.Debug|iPhoneSimulator.ActiveCfg = Debug|Any CPU
		{93D1AD35-135A-4DDE-927F-025775B12C3B}.Debug|iPhoneSimulator.Build.0 = Debug|Any CPU
		{93D1AD35-135A-4DDE-927F-025775B12C3B}.Debug|iPhoneSimulator.Deploy.0 = Debug|Any CPU
		{93D1AD35-135A-4DDE-927F-025775B12C3B}.Release|Any CPU.ActiveCfg = Release|Any CPU
		{93D1AD35-135A-4DDE-927F-025775B12C3B}.Release|Any CPU.Build.0 = Release|Any CPU
		{93D1AD35-135A-4DDE-927F-025775B12C3B}.Release|Any CPU.Deploy.0 = Release|Any CPU
		{93D1AD35-135A-4DDE-927F-025775B12C3B}.Release|iPhone.ActiveCfg = Release|Any CPU
		{93D1AD35-135A-4DDE-927F-025775B12C3B}.Release|iPhone.Build.0 = Release|Any CPU
		{93D1AD35-135A-4DDE-927F-025775B12C3B}.Release|iPhone.Deploy.0 = Release|Any CPU
		{93D1AD35-135A-4DDE-927F-025775B12C3B}.Release|iPhoneSimulator.ActiveCfg = Release|Any CPU
		{93D1AD35-135A-4DDE-927F-025775B12C3B}.Release|iPhoneSimulator.Build.0 = Release|Any CPU
		{93D1AD35-135A-4DDE-927F-025775B12C3B}.Release|iPhoneSimulator.Deploy.0 = Release|Any CPU
	EndGlobalSection
	GlobalSection(SolutionProperties) = preSolution
		HideSolutionNode = FALSE
	EndGlobalSection
	GlobalSection(ExtensibilityGlobals) = postSolution
		SolutionGuid = {FCF8C71E-BAE8-4E1F-98FC-BB2E6445A318}
	EndGlobalSection
EndGlobal
